
Microsoft Visual Studio Solution File, Format Version 12.00
# Visual Studio Version 17
VisualStudioVersion = 17.5.002.0
MinimumVisualStudioVersion = 10.0.40219.1
Project("{9A19103F-16F7-4668-BE54-9A1E7A4F7556}") = "BlazorExample", "BlazorExample\BlazorExample.csproj", "{D213EF10-FFAC-4307-81CA-A15D9AC0F32A}"
EndProject
Project("{FAE04EC0-301F-11D3-BF4B-00C04F79EFBC}") = "BlazorExampleShared", "BlazorExampleShared\BlazorExampleShared.csproj", "{60FE5FC9-B5DC-461C-AC0B-7B6CC5CD16FC}"
EndProject
Project("{FAE04EC0-301F-11D3-BF4B-00C04F79EFBC}") = "BlazorExampleBackend", "BlazorExampleBackend\BlazorExampleBackend.csproj", "{49AFB3C3-BE06-4DE5-BCCE-E6560786C363}"
EndProject
Project("{FAE04EC0-301F-11D3-BF4B-00C04F79EFBC}") = "BlazorExampleUITests", "BlazorExampleUITests\BlazorExampleUITests.csproj", "{FF3F6D98-7992-4404-915B-72F2C971744C}"
EndProject
Global
	GlobalSection(SolutionConfigurationPlatforms) = preSolution
		Debug|Any CPU = Debug|Any CPU
		Release|Any CPU = Release|Any CPU
	EndGlobalSection
	GlobalSection(ProjectConfigurationPlatforms) = postSolution
		{D213EF10-FFAC-4307-81CA-A15D9AC0F32A}.Debug|Any CPU.ActiveCfg = Debug|Any CPU
		{D213EF10-FFAC-4307-81CA-A15D9AC0F32A}.Debug|Any CPU.Build.0 = Debug|Any CPU
		{D213EF10-FFAC-4307-81CA-A15D9AC0F32A}.Release|Any CPU.ActiveCfg = Release|Any CPU
		{D213EF10-FFAC-4307-81CA-A15D9AC0F32A}.Release|Any CPU.Build.0 = Release|Any CPU
		{60FE5FC9-B5DC-461C-AC0B-7B6CC5CD16FC}.Debug|Any CPU.ActiveCfg = Debug|Any CPU
		{60FE5FC9-B5DC-461C-AC0B-7B6CC5CD16FC}.Debug|Any CPU.Build.0 = Debug|Any CPU
		{60FE5FC9-B5DC-461C-AC0B-7B6CC5CD16FC}.Release|Any CPU.ActiveCfg = Release|Any CPU
		{60FE5FC9-B5DC-461C-AC0B-7B6CC5CD16FC}.Release|Any CPU.Build.0 = Release|Any CPU
		{49AFB3C3-BE06-4DE5-BCCE-E6560786C363}.Debug|Any CPU.ActiveCfg = Debug|Any CPU
		{49AFB3C3-BE06-4DE5-BCCE-E6560786C363}.Debug|Any CPU.Build.0 = Debug|Any CPU
		{49AFB3C3-BE06-4DE5-BCCE-E6560786C363}.Release|Any CPU.ActiveCfg = Release|Any CPU
		{49AFB3C3-BE06-4DE5-BCCE-E6560786C363}.Release|Any CPU.Build.0 = Release|Any CPU
		{FF3F6D98-7992-4404-915B-72F2C971744C}.Debug|Any CPU.ActiveCfg = Debug|Any CPU
		{FF3F6D98-7992-4404-915B-72F2C971744C}.Debug|Any CPU.Build.0 = Debug|Any CPU
		{FF3F6D98-7992-4404-915B-72F2C971744C}.Release|Any CPU.ActiveCfg = Release|Any CPU
		{FF3F6D98-7992-4404-915B-72F2C971744C}.Release|Any CPU.Build.0 = Release|Any CPU
	EndGlobalSection
	GlobalSection(SolutionProperties) = preSolution
		HideSolutionNode = FALSE
	EndGlobalSection
	GlobalSection(ExtensibilityGlobals) = postSolution
		SolutionGuid = {997D4175-3449-44EA-8C5C-824432DE98A3}
	EndGlobalSection
EndGlobal
